
Microsoft Visual Studio Solution File, Format Version 12.00
# Visual Studio Version 17
VisualStudioVersion = 17.0.31903.59
MinimumVisualStudioVersion = 10.0.40219.1
Project("{2150E333-8FDC-42A3-9474-1A3956D46DE8}") = "src", "src", "{6DC25244-DBD1-4651-844E-AF706DDBD64E}"
EndProject
Project("{FAE04EC0-301F-11D3-BF4B-00C04F79EFBC}") = "AuctionService", "src\AuctionService\AuctionService.csproj", "{83C13EE3-78C9-4857-B248-9790E89D969F}"
EndProject
Project("{FAE04EC0-301F-11D3-BF4B-00C04F79EFBC}") = "SearchService", "src\SearchService\SearchService.csproj", "{7D9AEB37-CD25-419D-9183-EB3304AB97A9}"
EndProject
Project("{FAE04EC0-301F-11D3-BF4B-00C04F79EFBC}") = "Contracts", "src\Contracts\Contracts.csproj", "{30535940-6404-4C2F-80A4-C542C84527BF}"
EndProject
Project("{FAE04EC0-301F-11D3-BF4B-00C04F79EFBC}") = "IdentityService", "src\IdentityService\IdentityService.csproj", "{0A81E8FB-67E8-41F1-B656-A4A635CB83FC}"
EndProject
Global
	GlobalSection(SolutionConfigurationPlatforms) = preSolution
		Debug|Any CPU = Debug|Any CPU
		Release|Any CPU = Release|Any CPU
	EndGlobalSection
	GlobalSection(SolutionProperties) = preSolution
		HideSolutionNode = FALSE
	EndGlobalSection
	GlobalSection(ProjectConfigurationPlatforms) = postSolution
		{83C13EE3-78C9-4857-B248-9790E89D969F}.Debug|Any CPU.ActiveCfg = Debug|Any CPU
		{83C13EE3-78C9-4857-B248-9790E89D969F}.Debug|Any CPU.Build.0 = Debug|Any CPU
		{83C13EE3-78C9-4857-B248-9790E89D969F}.Release|Any CPU.ActiveCfg = Release|Any CPU
		{83C13EE3-78C9-4857-B248-9790E89D969F}.Release|Any CPU.Build.0 = Release|Any CPU
		{7D9AEB37-CD25-419D-9183-EB3304AB97A9}.Debug|Any CPU.ActiveCfg = Debug|Any CPU
		{7D9AEB37-CD25-419D-9183-EB3304AB97A9}.Debug|Any CPU.Build.0 = Debug|Any CPU
		{7D9AEB37-CD25-419D-9183-EB3304AB97A9}.Release|Any CPU.ActiveCfg = Release|Any CPU
		{7D9AEB37-CD25-419D-9183-EB3304AB97A9}.Release|Any CPU.Build.0 = Release|Any CPU
		{30535940-6404-4C2F-80A4-C542C84527BF}.Debug|Any CPU.ActiveCfg = Debug|Any CPU
		{30535940-6404-4C2F-80A4-C542C84527BF}.Debug|Any CPU.Build.0 = Debug|Any CPU
		{30535940-6404-4C2F-80A4-C542C84527BF}.Release|Any CPU.ActiveCfg = Release|Any CPU
		{30535940-6404-4C2F-80A4-C542C84527BF}.Release|Any CPU.Build.0 = Release|Any CPU
		{0A81E8FB-67E8-41F1-B656-A4A635CB83FC}.Debug|Any CPU.ActiveCfg = Debug|Any CPU
		{0A81E8FB-67E8-41F1-B656-A4A635CB83FC}.Debug|Any CPU.Build.0 = Debug|Any CPU
		{0A81E8FB-67E8-41F1-B656-A4A635CB83FC}.Release|Any CPU.ActiveCfg = Release|Any CPU
		{0A81E8FB-67E8-41F1-B656-A4A635CB83FC}.Release|Any CPU.Build.0 = Release|Any CPU
	EndGlobalSection
	GlobalSection(NestedProjects) = preSolution
		{83C13EE3-78C9-4857-B248-9790E89D969F} = {6DC25244-DBD1-4651-844E-AF706DDBD64E}
		{7D9AEB37-CD25-419D-9183-EB3304AB97A9} = {6DC25244-DBD1-4651-844E-AF706DDBD64E}
		{30535940-6404-4C2F-80A4-C542C84527BF} = {6DC25244-DBD1-4651-844E-AF706DDBD64E}
		{0A81E8FB-67E8-41F1-B656-A4A635CB83FC} = {6DC25244-DBD1-4651-844E-AF706DDBD64E}
	EndGlobalSection
EndGlobal
